<?xml version="1.0" encoding="utf-8"?>
<Project ToolsVersion="4.0" xmlns="http://schemas.microsoft.com/developer/msbuild/2003">
  <ItemGroup>
    <Filter Include="Donut">
      <UniqueIdentifier>{EF430C0D-5B58-34BE-24DA-D71D90AD30EF}</UniqueIdentifier>
    </Filter>
    <Filter Include="Donut\Events">
      <UniqueIdentifier>{F34C2EFF-DFAF-BDA3-8835-F65974778926}</UniqueIdentifier>
    </Filter>
  </ItemGroup>
  <ItemGroup>
    <ClInclude Include="src\Donut.h" />
    <ClInclude Include="src\Donut\Application.h">
      <Filter>Donut</Filter>
    </ClInclude>
    <ClInclude Include="src\Donut\Core.h">
      <Filter>Donut</Filter>
    </ClInclude>
    <ClInclude Include="src\Donut\EntryPoint.h">
      <Filter>Donut</Filter>
    </ClInclude>
    <ClInclude Include="src\Donut\Events\ApplicationEvent.h">
      <Filter>Donut\Events</Filter>
    </ClInclude>
    <ClInclude Include="src\Donut\Events\Event.h">
      <Filter>Donut\Events</Filter>
    </ClInclude>
    <ClInclude Include="src\Donut\Events\KeyEvent.h">
      <Filter>Donut\Events</Filter>
    </ClInclude>
    <ClInclude Include="src\Donut\Events\MouseEvent.h">
      <Filter>Donut\Events</Filter>
    </ClInclude>
    <ClInclude Include="src\Donut\Log.h">
      <Filter>Donut</Filter>
    </ClInclude>
    <ClInclude Include="src\dnpch.h" />
  </ItemGroup>
  <ItemGroup>
    <ClCompile Include="src\Donut\Application.cpp">
      <Filter>Donut</Filter>
    </ClCompile>
    <ClCompile Include="src\Donut\Log.cpp">
      <Filter>Donut</Filter>
    </ClCompile>
    <ClCompile Include="src\dnpch.cpp" />
  </ItemGroup>
</Project>